
Microsoft Visual Studio Solution File, Format Version 12.00
# Visual Studio 2013
VisualStudioVersion = 12.0.20617.1 PREVIEW
MinimumVisualStudioVersion = 10.0.40219.1
Project("{FAE04EC0-301F-11D3-BF4B-00C04F79EFBC}") = "WordsTest", "WordsTest\WordsTest.csproj", "{87AB104D-0470-4E4C-A59F-403DF06AA4FD}"
EndProject
Project("{FAE04EC0-301F-11D3-BF4B-00C04F79EFBC}") = "WordsAPI", "WordsAPI\WordsAPI.csproj", "{38DD4833-206F-4AB7-B053-6C7FDAEB2D3E}"
EndProject
Global
	GlobalSection(SolutionConfigurationPlatforms) = preSolution
		Debug|Any CPU = Debug|Any CPU
		Release|Any CPU = Release|Any CPU
	EndGlobalSection
	GlobalSection(ProjectConfigurationPlatforms) = postSolution
		{87AB104D-0470-4E4C-A59F-403DF06AA4FD}.Debug|Any CPU.ActiveCfg = Debug|Any CPU
		{87AB104D-0470-4E4C-A59F-403DF06AA4FD}.Debug|Any CPU.Build.0 = Debug|Any CPU
		{87AB104D-0470-4E4C-A59F-403DF06AA4FD}.Release|Any CPU.ActiveCfg = Release|Any CPU
		{87AB104D-0470-4E4C-A59F-403DF06AA4FD}.Release|Any CPU.Build.0 = Release|Any CPU
		{38DD4833-206F-4AB7-B053-6C7FDAEB2D3E}.Debug|Any CPU.ActiveCfg = Debug|Any CPU
		{38DD4833-206F-4AB7-B053-6C7FDAEB2D3E}.Debug|Any CPU.Build.0 = Debug|Any CPU
		{38DD4833-206F-4AB7-B053-6C7FDAEB2D3E}.Release|Any CPU.ActiveCfg = Release|Any CPU
		{38DD4833-206F-4AB7-B053-6C7FDAEB2D3E}.Release|Any CPU.Build.0 = Release|Any CPU
	EndGlobalSection
	GlobalSection(SolutionProperties) = preSolution
		HideSolutionNode = FALSE
	EndGlobalSection
EndGlobal
